
Microsoft Visual Studio Solution File, Format Version 12.00
# Visual Studio 15
VisualStudioVersion = 15.0.28307.421
MinimumVisualStudioVersion = 10.0.40219.1
Project("{151D2E53-A2C4-4D7D-83FE-D05416EBD58E}") = "AzureResourceGroupDemo", "AzureResourceGroupDemo\AzureResourceGroupDemo.deployproj", "{8BA03BF4-7D02-4C96-B505-07F4653B5B59}"
EndProject
Global
	GlobalSection(SolutionConfigurationPlatforms) = preSolution
		Debug|Any CPU = Debug|Any CPU
		Release|Any CPU = Release|Any CPU
	EndGlobalSection
	GlobalSection(ProjectConfigurationPlatforms) = postSolution
		{8BA03BF4-7D02-4C96-B505-07F4653B5B59}.Debug|Any CPU.ActiveCfg = Debug|Any CPU
		{8BA03BF4-7D02-4C96-B505-07F4653B5B59}.Debug|Any CPU.Build.0 = Debug|Any CPU
		{8BA03BF4-7D02-4C96-B505-07F4653B5B59}.Release|Any CPU.ActiveCfg = Release|Any CPU
		{8BA03BF4-7D02-4C96-B505-07F4653B5B59}.Release|Any CPU.Build.0 = Release|Any CPU
	EndGlobalSection
	GlobalSection(SolutionProperties) = preSolution
		HideSolutionNode = FALSE
	EndGlobalSection
	GlobalSection(ExtensibilityGlobals) = postSolution
		SolutionGuid = {86A1927B-F615-41B5-8278-63AC000C453D}
	EndGlobalSection
EndGlobal
